Microsoft Visual Studio Solution File, Format Version 12.00
# Visual Studio Version 17
VisualStudioVersion = 17.5.2.0
MinimumVisualStudioVersion = 10.0.40219.1
Project("{FAE04EC0-301F-11D3-BF4B-00C04F79EFBC}") = "ApiLivros", "ApiLivros.csproj", "{AA754241-648D-4F49-B1D3-92348E70ED5F}"
EndProject
Global
	GlobalSection(SolutionConfigurationPlatforms) = preSolution
		Debug|Any CPU = Debug|Any CPU
		Release|Any CPU = Release|Any CPU
	EndGlobalSection
	GlobalSection(ProjectConfigurationPlatforms) = postSolution
		{AA754241-648D-4F49-B1D3-92348E70ED5F}.Debug|Any CPU.ActiveCfg = Debug|Any CPU
		{AA754241-648D-4F49-B1D3-92348E70ED5F}.Debug|Any CPU.Build.0 = Debug|Any CPU
		{AA754241-648D-4F49-B1D3-92348E70ED5F}.Release|Any CPU.ActiveCfg = Release|Any CPU
		{AA754241-648D-4F49-B1D3-92348E70ED5F}.Release|Any CPU.Build.0 = Release|Any CPU
	EndGlobalSection
	GlobalSection(SolutionProperties) = preSolution
		HideSolutionNode = FALSE
	EndGlobalSection
	GlobalSection(ExtensibilityGlobals) = postSolution
		SolutionGuid = {2DA19C26-A0B4-4E3F-B424-A02C4159A002}
	EndGlobalSection
EndGlobal
